
Microsoft Visual Studio Solution File, Format Version 12.00
# Visual Studio 15
VisualStudioVersion = 15.0.26430.16
MinimumVisualStudioVersion = 10.0.40219.1
Project("{FAE04EC0-301F-11D3-BF4B-00C04F79EFBC}") = "Code.Org", "CodeOrg\Code.Org.csproj", "{EF1861D6-2D0E-4746-9325-50CD57966D1B}"
EndProject
Project("{FAE04EC0-301F-11D3-BF4B-00C04F79EFBC}") = "Example01", "Example01\Example01.csproj", "{AB09ADF6-D727-4455-9DA7-094D6FEDC0BD}"
EndProject
Project("{FAE04EC0-301F-11D3-BF4B-00C04F79EFBC}") = "Example02", "Example02\Example02.csproj", "{522087A4-A230-4922-B7C8-DF214CEA2D93}"
EndProject
Global
	GlobalSection(SolutionConfigurationPlatforms) = preSolution
		Debug|Any CPU = Debug|Any CPU
		Release|Any CPU = Release|Any CPU
	EndGlobalSection
	GlobalSection(ProjectConfigurationPlatforms) = postSolution
		{EF1861D6-2D0E-4746-9325-50CD57966D1B}.Debug|Any CPU.ActiveCfg = Debug|Any CPU
		{EF1861D6-2D0E-4746-9325-50CD57966D1B}.Debug|Any CPU.Build.0 = Debug|Any CPU
		{EF1861D6-2D0E-4746-9325-50CD57966D1B}.Release|Any CPU.ActiveCfg = Release|Any CPU
		{EF1861D6-2D0E-4746-9325-50CD57966D1B}.Release|Any CPU.Build.0 = Release|Any CPU
		{AB09ADF6-D727-4455-9DA7-094D6FEDC0BD}.Debug|Any CPU.ActiveCfg = Debug|Any CPU
		{AB09ADF6-D727-4455-9DA7-094D6FEDC0BD}.Debug|Any CPU.Build.0 = Debug|Any CPU
		{AB09ADF6-D727-4455-9DA7-094D6FEDC0BD}.Release|Any CPU.ActiveCfg = Release|Any CPU
		{AB09ADF6-D727-4455-9DA7-094D6FEDC0BD}.Release|Any CPU.Build.0 = Release|Any CPU
		{522087A4-A230-4922-B7C8-DF214CEA2D93}.Debug|Any CPU.ActiveCfg = Debug|Any CPU
		{522087A4-A230-4922-B7C8-DF214CEA2D93}.Debug|Any CPU.Build.0 = Debug|Any CPU
		{522087A4-A230-4922-B7C8-DF214CEA2D93}.Release|Any CPU.ActiveCfg = Release|Any CPU
		{522087A4-A230-4922-B7C8-DF214CEA2D93}.Release|Any CPU.Build.0 = Release|Any CPU
	EndGlobalSection
	GlobalSection(SolutionProperties) = preSolution
		HideSolutionNode = FALSE
	EndGlobalSection
EndGlobal
