
Microsoft Visual Studio Solution File, Format Version 11.00
# Visual Studio 2010
Project("{FAE04EC0-301F-11D3-BF4B-00C04F79EFBC}") = "PikachuVollyball", "Assembly-CSharp.csproj", "{DE3ACF57-1F4D-F22B-752B-845EBC824F5C}"
EndProject
Global
	GlobalSection(SolutionConfigurationPlatforms) = preSolution
		Debug|Any CPU = Debug|Any CPU
		Release|Any CPU = Release|Any CPU
	EndGlobalSection
	GlobalSection(ProjectConfigurationPlatforms) = postSolution
		{DE3ACF57-1F4D-F22B-752B-845EBC824F5C}.Debug|Any CPU.ActiveCfg = Debug|Any CPU
		{DE3ACF57-1F4D-F22B-752B-845EBC824F5C}.Debug|Any CPU.Build.0 = Debug|Any CPU
		{DE3ACF57-1F4D-F22B-752B-845EBC824F5C}.Release|Any CPU.ActiveCfg = Release|Any CPU
		{DE3ACF57-1F4D-F22B-752B-845EBC824F5C}.Release|Any CPU.Build.0 = Release|Any CPU
	EndGlobalSection
	GlobalSection(SolutionProperties) = preSolution
		HideSolutionNode = FALSE
	EndGlobalSection
	GlobalSection(MonoDevelopProperties) = preSolution
		StartupItem = Assembly-CSharp.csproj
	EndGlobalSection
EndGlobal
